
Microsoft Visual Studio Solution File, Format Version 12.00
# Visual Studio 15
VisualStudioVersion = 15.0.27130.2036
MinimumVisualStudioVersion = 10.0.40219.1
Project("{FAE04EC0-301F-11D3-BF4B-00C04F79EFBC}") = "SimpleDartsChallenge", "SimpleDartsChallenge\SimpleDartsChallenge.csproj", "{339905AE-EDC0-495D-936B-E20C78AC1AFF}"
EndProject
Project("{FAE04EC0-301F-11D3-BF4B-00C04F79EFBC}") = "Darts", "Darts\Darts.csproj", "{C3374F49-40B7-46D7-B27F-A91A7932F7F9}"
EndProject
Global
	GlobalSection(SolutionConfigurationPlatforms) = preSolution
		Debug|Any CPU = Debug|Any CPU
		Release|Any CPU = Release|Any CPU
	EndGlobalSection
	GlobalSection(ProjectConfigurationPlatforms) = postSolution
		{339905AE-EDC0-495D-936B-E20C78AC1AFF}.Debug|Any CPU.ActiveCfg = Debug|Any CPU
		{339905AE-EDC0-495D-936B-E20C78AC1AFF}.Debug|Any CPU.Build.0 = Debug|Any CPU
		{339905AE-EDC0-495D-936B-E20C78AC1AFF}.Release|Any CPU.ActiveCfg = Release|Any CPU
		{339905AE-EDC0-495D-936B-E20C78AC1AFF}.Release|Any CPU.Build.0 = Release|Any CPU
		{C3374F49-40B7-46D7-B27F-A91A7932F7F9}.Debug|Any CPU.ActiveCfg = Debug|Any CPU
		{C3374F49-40B7-46D7-B27F-A91A7932F7F9}.Debug|Any CPU.Build.0 = Debug|Any CPU
		{C3374F49-40B7-46D7-B27F-A91A7932F7F9}.Release|Any CPU.ActiveCfg = Release|Any CPU
		{C3374F49-40B7-46D7-B27F-A91A7932F7F9}.Release|Any CPU.Build.0 = Release|Any CPU
	EndGlobalSection
	GlobalSection(SolutionProperties) = preSolution
		HideSolutionNode = FALSE
	EndGlobalSection
	GlobalSection(ExtensibilityGlobals) = postSolution
		SolutionGuid = {D3252476-1544-403E-B2EF-E5ED0E3C1169}
	EndGlobalSection
EndGlobal
